
Microsoft Visual Studio Solution File, Format Version 12.00
# Visual Studio Version 17
VisualStudioVersion = 17.2.32630.192
MinimumVisualStudioVersion = 10.0.40219.1
Project("{FAE04EC0-301F-11D3-BF4B-00C04F79EFBC}") = "FPTTrainingSystem", "FPTTrainingSystem\FPTTrainingSystem.csproj", "{133FA5AE-CD63-42D9-9D82-BC033A3A744B}"
EndProject
Global
	GlobalSection(SolutionConfigurationPlatforms) = preSolution
		Debug|Any CPU = Debug|Any CPU
		Release|Any CPU = Release|Any CPU
	EndGlobalSection
	GlobalSection(ProjectConfigurationPlatforms) = postSolution
		{133FA5AE-CD63-42D9-9D82-BC033A3A744B}.Debug|Any CPU.ActiveCfg = Debug|Any CPU
		{133FA5AE-CD63-42D9-9D82-BC033A3A744B}.Debug|Any CPU.Build.0 = Debug|Any CPU
		{133FA5AE-CD63-42D9-9D82-BC033A3A744B}.Release|Any CPU.ActiveCfg = Release|Any CPU
		{133FA5AE-CD63-42D9-9D82-BC033A3A744B}.Release|Any CPU.Build.0 = Release|Any CPU
	EndGlobalSection
	GlobalSection(SolutionProperties) = preSolution
		HideSolutionNode = FALSE
	EndGlobalSection
	GlobalSection(ExtensibilityGlobals) = postSolution
		SolutionGuid = {EF4595C3-38AA-4B06-99A3-8ECE73170EDD}
	EndGlobalSection
EndGlobal
